
Microsoft Visual Studio Solution File, Format Version 12.00
# Visual Studio Version 17
VisualStudioVersion = 17.5.002.0
MinimumVisualStudioVersion = 10.0.40219.1
Project("{9A19103F-16F7-4668-BE54-9A1E7A4F7556}") = "RSWEB", "RSWEB.csproj", "{52E97703-4A8F-4B57-8BDB-1484E858245D}"
EndProject
Global
	GlobalSection(SolutionConfigurationPlatforms) = preSolution
		Debug|Any CPU = Debug|Any CPU
		Release|Any CPU = Release|Any CPU
	EndGlobalSection
	GlobalSection(ProjectConfigurationPlatforms) = postSolution
		{52E97703-4A8F-4B57-8BDB-1484E858245D}.Debug|Any CPU.ActiveCfg = Debug|Any CPU
		{52E97703-4A8F-4B57-8BDB-1484E858245D}.Debug|Any CPU.Build.0 = Debug|Any CPU
		{52E97703-4A8F-4B57-8BDB-1484E858245D}.Release|Any CPU.ActiveCfg = Release|Any CPU
		{52E97703-4A8F-4B57-8BDB-1484E858245D}.Release|Any CPU.Build.0 = Release|Any CPU
	EndGlobalSection
	GlobalSection(SolutionProperties) = preSolution
		HideSolutionNode = FALSE
	EndGlobalSection
	GlobalSection(ExtensibilityGlobals) = postSolution
		SolutionGuid = {6D2156C0-F43B-4214-917C-179700E112B3}
	EndGlobalSection
EndGlobal
